
Microsoft Visual Studio Solution File, Format Version 12.00
# Visual Studio Version 17
VisualStudioVersion = 17.0.31903.59
MinimumVisualStudioVersion = 10.0.40219.1
Project("{FAE04EC0-301F-11D3-BF4B-00C04F79EFBC}") = "HomeworkMay27_CSVPeople.Web", "HomeworkMay27_CSVPeople.Web\HomeworkMay27_CSVPeople.Web.csproj", "{136947F2-E6FC-4470-8140-982C2CE47604}"
EndProject
Project("{FAE04EC0-301F-11D3-BF4B-00C04F79EFBC}") = "HomeworkMay27_CSVPeople.Data", "HomeworkMay27_CSVPeople.Data\HomeworkMay27_CSVPeople.Data.csproj", "{04F85039-E2BE-4614-BF3E-62D66426F16C}"
EndProject
Global
	GlobalSection(SolutionConfigurationPlatforms) = preSolution
		Debug|Any CPU = Debug|Any CPU
		Release|Any CPU = Release|Any CPU
	EndGlobalSection
	GlobalSection(SolutionProperties) = preSolution
		HideSolutionNode = FALSE
	EndGlobalSection
	GlobalSection(ProjectConfigurationPlatforms) = postSolution
		{136947F2-E6FC-4470-8140-982C2CE47604}.Debug|Any CPU.ActiveCfg = Debug|Any CPU
		{136947F2-E6FC-4470-8140-982C2CE47604}.Debug|Any CPU.Build.0 = Debug|Any CPU
		{136947F2-E6FC-4470-8140-982C2CE47604}.Release|Any CPU.ActiveCfg = Release|Any CPU
		{136947F2-E6FC-4470-8140-982C2CE47604}.Release|Any CPU.Build.0 = Release|Any CPU
		{04F85039-E2BE-4614-BF3E-62D66426F16C}.Debug|Any CPU.ActiveCfg = Debug|Any CPU
		{04F85039-E2BE-4614-BF3E-62D66426F16C}.Debug|Any CPU.Build.0 = Debug|Any CPU
		{04F85039-E2BE-4614-BF3E-62D66426F16C}.Release|Any CPU.ActiveCfg = Release|Any CPU
		{04F85039-E2BE-4614-BF3E-62D66426F16C}.Release|Any CPU.Build.0 = Release|Any CPU
	EndGlobalSection
EndGlobal
